
Microsoft Visual Studio Solution File, Format Version 12.00
Project("{FAE04EC0-301F-11D3-BF4B-00C04F79EFBC}") = "N3O.Umbraco.Extensions", "N3O.Umbraco.Extensions\N3O.Umbraco.Extensions.csproj", "{397FD553-A427-4A14-915E-4A79DDA5DD7A}"
EndProject
Project("{2150E333-8FDC-42A3-9474-1A3956D46DE8}") = "Plugins", "Plugins", "{E203E59D-7950-4F8F-8E28-79DEB112EA37}"
EndProject
Project("{2150E333-8FDC-42A3-9474-1A3956D46DE8}") = "Cropper", "Cropper", "{CC9F6143-E1BB-490F-8936-A16A238E2138}"
EndProject
Project("{FAE04EC0-301F-11D3-BF4B-00C04F79EFBC}") = "N3O.Umbraco.Cropper", "Plugins\Cropper\N3O.Umbraco.Cropper\N3O.Umbraco.Cropper.csproj", "{92261BF7-045E-4D74-B9D1-E9F9D3E0599E}"
EndProject
Project("{FAE04EC0-301F-11D3-BF4B-00C04F79EFBC}") = "N3O.Umbraco.Cropper.StaticAssets", "Plugins\Cropper\N3O.Umbraco.Cropper.StaticAssets\N3O.Umbraco.Cropper.StaticAssets.csproj", "{2CE7EE1D-4DD8-4928-AD79-7CBB1B7CC120}"
EndProject
Project("{2150E333-8FDC-42A3-9474-1A3956D46DE8}") = "Email", "Email", "{D4954F50-C259-484F-865E-E66B0B8EA7D7}"
EndProject
Project("{FAE04EC0-301F-11D3-BF4B-00C04F79EFBC}") = "N3O.Umbraco.Email.Smtp", "Email\N3O.Umbraco.Email.Smtp\N3O.Umbraco.Email.Smtp.csproj", "{42B1F054-6E37-467E-B06A-0DAC5D0E1BCC}"
EndProject
Project("{2150E333-8FDC-42A3-9474-1A3956D46DE8}") = "Forex", "Forex", "{4EC5FAF7-5BD7-4E0C-87BC-4A72E2FC85FA}"
EndProject
Project("{FAE04EC0-301F-11D3-BF4B-00C04F79EFBC}") = "N3O.Umbraco.Forex.Currencylayer", "Forex\N3O.Umbraco.Forex.Currencylayer\N3O.Umbraco.Forex.Currencylayer.csproj", "{AC158FAB-08A6-4658-8E2D-655BF857F57C}"
EndProject
Project("{2150E333-8FDC-42A3-9474-1A3956D46DE8}") = "Newsletters", "Newsletters", "{065FC1F3-732C-45DD-957F-252D39040124}"
EndProject
Project("{FAE04EC0-301F-11D3-BF4B-00C04F79EFBC}") = "N3O.Umbraco.Newsletters.Mailchimp", "Newsletters\N3O.Umbraco.Newsletters.Mailchimp\N3O.Umbraco.Newsletters.Mailchimp.csproj", "{3B168570-E5E8-47FF-A9EB-266A5BDA9F13}"
EndProject
Project("{2150E333-8FDC-42A3-9474-1A3956D46DE8}") = "Search", "Search", "{3C865EA6-E7D9-4BDC-8E96-F1117BBDF21B}"
EndProject
Project("{FAE04EC0-301F-11D3-BF4B-00C04F79EFBC}") = "N3O.Umbraco.Search.Google", "Search\N3O.Umbraco.Search.Google\N3O.Umbraco.Search.Google.csproj", "{73FA8359-09B8-4F4A-B17B-982B189C8B1C}"
EndProject
Project("{2150E333-8FDC-42A3-9474-1A3956D46DE8}") = "TaxRelief", "TaxRelief", "{0D49196C-34B7-48FC-9788-9D124EDB9693}"
EndProject
Project("{FAE04EC0-301F-11D3-BF4B-00C04F79EFBC}") = "N3O.Umbraco.TaxRelief.UnitedKingdom", "TaxRelief\N3O.Umbraco.TaxRelief.UnitedKingdom\N3O.Umbraco.TaxRelief.UnitedKingdom.csproj", "{79F20FAB-1130-4310-98BF-87E63565C39B}"
EndProject
Project("{FAE04EC0-301F-11D3-BF4B-00C04F79EFBC}") = "N3O.Umbraco.Email", "Email\N3O.Umbraco.Email\N3O.Umbraco.Email.csproj", "{519B5F00-F497-4A71-82F1-D639D20EAAAF}"
EndProject
Project("{2150E333-8FDC-42A3-9474-1A3956D46DE8}") = "Validation", "Validation", "{8D4C30E3-2AC6-4218-9DEA-65DC2BD50CAA}"
EndProject
Project("{FAE04EC0-301F-11D3-BF4B-00C04F79EFBC}") = "N3O.Umbraco.Validation", "Validation\N3O.Umbraco.Validation\N3O.Umbraco.Validation.csproj", "{803E952C-7BAB-4519-9517-A5396C8E5D2C}"
EndProject
Project("{FAE04EC0-301F-11D3-BF4B-00C04F79EFBC}") = "N3O.Umbraco.Newsletters", "Newsletters\N3O.Umbraco.Newsletters\N3O.Umbraco.Newsletters.csproj", "{A9AC3C39-FC6B-4DD1-8980-A71760BFF78F}"
EndProject
Project("{2150E333-8FDC-42A3-9474-1A3956D46DE8}") = "Giving", "Giving", "{23B7FEF7-FE28-4D85-AD37-7295986FE931}"
EndProject
Project("{FAE04EC0-301F-11D3-BF4B-00C04F79EFBC}") = "N3O.Umbraco.Search", "Search\N3O.Umbraco.Search\N3O.Umbraco.Search.csproj", "{E4CB8B81-0D04-4348-B0B3-E5A621246137}"
EndProject
Project("{FAE04EC0-301F-11D3-BF4B-00C04F79EFBC}") = "N3O.Umbraco.Giving.Cart", "Giving\N3O.Umbraco.Giving.Cart\N3O.Umbraco.Giving.Cart.csproj", "{0518F8A4-71D5-4D7C-8E43-3886AF8CB0B6}"
EndProject
Project("{2150E333-8FDC-42A3-9474-1A3956D46DE8}") = "Scheduler", "Scheduler", "{F24F86EA-6E74-423C-B5F0-04DB688BD87A}"
EndProject
Project("{FAE04EC0-301F-11D3-BF4B-00C04F79EFBC}") = "N3O.Umbraco.Scheduler", "Scheduler\N3O.Umbraco.Scheduler\N3O.Umbraco.Scheduler.csproj", "{517E3320-0DD0-4A09-9A43-BEDD928F396D}"
EndProject
Project("{2150E333-8FDC-42A3-9474-1A3956D46DE8}") = "Analytics", "Analytics", "{36E920E2-EA99-42F3-81D7-E778426E3B28}"
EndProject
Project("{FAE04EC0-301F-11D3-BF4B-00C04F79EFBC}") = "N3O.Umbraco.Analytics", "Analytics\N3O.Umbraco.Analytics\N3O.Umbraco.Analytics.csproj", "{0BA75F4E-9AB0-4CFD-A2B5-B9ADBFAF7743}"
EndProject
Project("{FAE04EC0-301F-11D3-BF4B-00C04F79EFBC}") = "N3O.Umbraco.TaxRelief", "TaxRelief\N3O.Umbraco.TaxRelief\N3O.Umbraco.TaxRelief.csproj", "{997B99B2-A921-46C9-B820-98FE0A37B7DE}"
EndProject
Project("{FAE04EC0-301F-11D3-BF4B-00C04F79EFBC}") = "N3O.Umbraco.Forex", "Forex\N3O.Umbraco.Forex\N3O.Umbraco.Forex.csproj", "{FF2B143D-311C-49D9-B98D-42612D792FE8}"
EndProject
Project("{2150E333-8FDC-42A3-9474-1A3956D46DE8}") = "Vacancies", "Vacancies", "{60892870-14AC-43D4-BE2C-3D5A1FEA81A9}"
EndProject
Project("{FAE04EC0-301F-11D3-BF4B-00C04F79EFBC}") = "N3O.Umbraco.Vacancies", "Vacancies\N3O.Umbraco.Vacancies\N3O.Umbraco.Vacancies.csproj", "{F19A00AD-E0CF-4F7C-90E8-C04B5C851C9D}"
EndProject
Project("{2150E333-8FDC-42A3-9474-1A3956D46DE8}") = "Accounts", "Accounts", "{D414425D-1B94-4FC6-BA64-0744FD14AFBB}"
EndProject
Project("{FAE04EC0-301F-11D3-BF4B-00C04F79EFBC}") = "N3O.Umbraco.Accounts", "Accounts\N3O.Umbraco.Accounts\N3O.Umbraco.Accounts.csproj", "{CB568CA2-5007-4748-AA33-09B13E0EC5AF}"
EndProject
Project("{FAE04EC0-301F-11D3-BF4B-00C04F79EFBC}") = "N3O.Umbraco.Plugins", "Plugins\N3O.Umbraco.Plugins\N3O.Umbraco.Plugins.csproj", "{506994FE-C479-447C-8D0C-2D7F6B1718BC}"
EndProject
Project("{FAE04EC0-301F-11D3-BF4B-00C04F79EFBC}") = "N3O.Umbraco.Cms", "N3O.Umbraco.Cms\N3O.Umbraco.Cms.csproj", "{C549C912-CB24-45F7-A15E-B8794C78F5F4}"
EndProject
Project("{2150E333-8FDC-42A3-9474-1A3956D46DE8}") = "Templates", "Templates", "{6DD73440-46CC-4770-859F-20A6E5E7E8DD}"
EndProject
Project("{FAE04EC0-301F-11D3-BF4B-00C04F79EFBC}") = "N3O.Umbraco.Templates", "Templates\N3O.Umbraco.Templates\N3O.Umbraco.Templates.csproj", "{B7F05FCB-063C-45AD-8CCB-E7E6779A0946}"
EndProject
Project("{FAE04EC0-301F-11D3-BF4B-00C04F79EFBC}") = "N3O.Umbraco.Templates.Handlebars", "Templates\N3O.Umbraco.Templates.Handlebars\N3O.Umbraco.Templates.Handlebars.csproj", "{648FE377-3525-4C93-894D-4698A3987703}"
EndProject
Project("{2150E333-8FDC-42A3-9474-1A3956D46DE8}") = "Cdn", "Cdn", "{5007E460-DD05-4210-939D-312BD7E6CC50}"
EndProject
Project("{FAE04EC0-301F-11D3-BF4B-00C04F79EFBC}") = "N3O.Umbraco.Cdn", "Cdn\N3O.Umbraco.Cdn\N3O.Umbraco.Cdn.csproj", "{27C58638-3A95-47CE-9665-7E5643573100}"
EndProject
Project("{FAE04EC0-301F-11D3-BF4B-00C04F79EFBC}") = "N3O.Umbraco.Cdn.Cloudflare", "Cdn\N3O.Umbraco.Cdn.Cloudflare\N3O.Umbraco.Cdn.Cloudflare.csproj", "{4F4B5B65-D7D9-48A6-A440-0221A40BA8B4}"
EndProject
Project("{2150E333-8FDC-42A3-9474-1A3956D46DE8}") = "Mediator", "Mediator", "{9D119F3F-5344-4C2F-B36C-7487B52CE558}"
EndProject
Project("{FAE04EC0-301F-11D3-BF4B-00C04F79EFBC}") = "N3O.Umbraco.Mediator", "Mediator\N3O.Umbraco.Mediator\N3O.Umbraco.Mediator.csproj", "{B8EB4002-BF50-47DB-BEB3-41F78694BA67}"
EndProject
Project("{2150E333-8FDC-42A3-9474-1A3956D46DE8}") = "Sync", "Sync", "{0EBFA047-2232-4CEC-B528-0051179D5FDB}"
EndProject
Project("{FAE04EC0-301F-11D3-BF4B-00C04F79EFBC}") = "N3O.Umbraco.Sync", "Sync\N3O.Umbraco.Sync\N3O.Umbraco.Sync.csproj", "{AB74D373-E09B-485F-AE26-6C6DBF305A81}"
EndProject
Project("{2150E333-8FDC-42A3-9474-1A3956D46DE8}") = "Storage", "Storage", "{D6FAAB8B-EA41-4A1C-AC53-87BA537FA33B}"
EndProject
Project("{FAE04EC0-301F-11D3-BF4B-00C04F79EFBC}") = "N3O.Umbraco.Storage", "Storage\N3O.Umbraco.Storage\N3O.Umbraco.Storage.csproj", "{B6C105F8-FD72-43A5-90A7-AF50F736858C}"
EndProject
Project("{FAE04EC0-301F-11D3-BF4B-00C04F79EFBC}") = "N3O.Umbraco.Storage.Azure", "Storage\N3O.Umbraco.Storage.Azure\N3O.Umbraco.Storage.Azure.csproj", "{CBF6DD63-6D94-48B7-94EA-036344367005}"
EndProject
Project("{2150E333-8FDC-42A3-9474-1A3956D46DE8}") = "Monitoring", "Monitoring", "{136EE236-D9E5-4221-AFCB-1EB90AB70618}"
EndProject
Project("{FAE04EC0-301F-11D3-BF4B-00C04F79EFBC}") = "N3O.Umbraco.Monitoring", "Monitoring\N3O.Umbraco.Monitoring\N3O.Umbraco.Monitoring.csproj", "{76EBDBA4-9288-4680-8AE3-C99D5D6BB76B}"
EndProject
Project("{FAE04EC0-301F-11D3-BF4B-00C04F79EFBC}") = "N3O.Umbraco.Monitoring.Sentry", "Monitoring\N3O.Umbraco.Monitoring.Sentry\N3O.Umbraco.Monitoring.Sentry.csproj", "{C92BD03B-89E0-4028-A636-013BD6347C34}"
EndProject
Project("{FAE04EC0-301F-11D3-BF4B-00C04F79EFBC}") = "N3O.Umbraco.Email.SendGrid", "Email\N3O.Umbraco.Email.SendGrid\N3O.Umbraco.Email.SendGrid.csproj", "{C408B269-817B-4739-AD7B-2344EDDCB3AB}"
EndProject
Project("{2150E333-8FDC-42A3-9474-1A3956D46DE8}") = "SerpEditor", "SerpEditor", "{7F6671C9-0A00-487B-BFCF-3715571DF8F3}"
EndProject
Project("{FAE04EC0-301F-11D3-BF4B-00C04F79EFBC}") = "N3O.Umbraco.SerpEditor", "Plugins\SerpEditor\N3O.Umbraco.SerpEditor\N3O.Umbraco.SerpEditor.csproj", "{50B0A6DB-4FB4-49B0-86CA-FEFF80A3474F}"
EndProject
Project("{FAE04EC0-301F-11D3-BF4B-00C04F79EFBC}") = "N3O.Umbraco.SerpEditor.StaticAssets", "Plugins\SerpEditor\N3O.Umbraco.SerpEditor.StaticAssets\N3O.Umbraco.SerpEditor.StaticAssets.csproj", "{AEFCBA6E-E7C1-4637-ABAD-6D8319FFE352}"
EndProject
Project("{2150E333-8FDC-42A3-9474-1A3956D46DE8}") = "Uploader", "Uploader", "{63B683DD-07F3-4A1F-99D9-DABB6E6ABBF3}"
EndProject
Project("{FAE04EC0-301F-11D3-BF4B-00C04F79EFBC}") = "N3O.Umbraco.Uploader", "Plugins\Uploader\N3O.Umbraco.Uploader\N3O.Umbraco.Uploader.csproj", "{9ED52288-3E3C-4999-B2BE-217B683D801F}"
EndProject
Project("{FAE04EC0-301F-11D3-BF4B-00C04F79EFBC}") = "N3O.Umbraco.Uploader.StaticAssets", "Plugins\Uploader\N3O.Umbraco.Uploader.StaticAssets\N3O.Umbraco.Uploader.StaticAssets.csproj", "{F9827455-744C-4B38-9911-98D9FA586B04}"
EndProject
Project("{2150E333-8FDC-42A3-9474-1A3956D46DE8}") = "TextResourceEditor", "TextResourceEditor", "{B8BFA44D-8932-4254-BD50-7F18CA809631}"
EndProject
Project("{FAE04EC0-301F-11D3-BF4B-00C04F79EFBC}") = "N3O.Umbraco.TextResourceEditor", "Plugins\TextResourceEditor\N3O.Umbraco.TextResourceEditor\N3O.Umbraco.TextResourceEditor.csproj", "{90FE74F4-0C17-4601-9CAF-80E7F797EAB2}"
EndProject
Project("{FAE04EC0-301F-11D3-BF4B-00C04F79EFBC}") = "N3O.Umbraco.TextResourceEditor.StaticAssets", "Plugins\TextResourceEditor\N3O.Umbraco.TextResourceEditor.StaticAssets\N3O.Umbraco.TextResourceEditor.StaticAssets.csproj", "{D407C89F-DCAA-48D3-9F24-F6F447A7E7DC}"
EndProject
Project("{2150E333-8FDC-42A3-9474-1A3956D46DE8}") = "Payments", "Payments", "{0E0F12B7-04FC-4F02-8A8E-9210804A0EAA}"
EndProject
Project("{FAE04EC0-301F-11D3-BF4B-00C04F79EFBC}") = "N3O.Umbraco.Payments", "Payments\N3O.Umbraco.Payments\N3O.Umbraco.Payments.csproj", "{8E4B5C52-4FB4-4279-BFE7-CCD4F961EE2E}"
EndProject
Project("{FAE04EC0-301F-11D3-BF4B-00C04F79EFBC}") = "N3O.Umbraco.Payments.Opayo", "Payments\N3O.Umbraco.Payments.Opayo\N3O.Umbraco.Payments.Opayo.csproj", "{A68D6913-564F-4046-B4A2-816556F12010}"
EndProject
Project("{FAE04EC0-301F-11D3-BF4B-00C04F79EFBC}") = "N3O.Umbraco.Payments.GoCardless", "Payments\N3O.Umbraco.Payments.GoCardless\N3O.Umbraco.Payments.GoCardless.csproj", "{5580F1FF-BADF-4773-B0EF-783B3336B12C}"
EndProject
Project("{FAE04EC0-301F-11D3-BF4B-00C04F79EFBC}") = "N3O.Umbraco.Payments.PayPal", "Payments\N3O.Umbraco.Payments.PayPal\N3O.Umbraco.Payments.PayPal.csproj", "{ABA23913-C488-49A6-AC4D-62BFA92B81A7}"
EndProject
Project("{FAE04EC0-301F-11D3-BF4B-00C04F79EFBC}") = "N3O.Umbraco.Payments.Stripe", "Payments\N3O.Umbraco.Payments.Stripe\N3O.Umbraco.Payments.Stripe.csproj", "{99E5688B-ACE3-4DCA-BA67-645201B06CED}"
EndProject
Project("{FAE04EC0-301F-11D3-BF4B-00C04F79EFBC}") = "N3O.Umbraco.Giving.Checkout", "Giving\N3O.Umbraco.Giving.Checkout\N3O.Umbraco.Giving.Checkout.csproj", "{6EC2B0A5-B06D-47B9-92FC-F47C1EFA5C08}"
EndProject
Project("{2150E333-8FDC-42A3-9474-1A3956D46DE8}") = "Blog", "Blog", "{B8E8C313-2FB1-4EA0-8C4E-43CF4E744A53}"
EndProject
Project("{FAE04EC0-301F-11D3-BF4B-00C04F79EFBC}") = "N3O.Umbraco.Blog", "Blog\N3O.Umbraco.Blog\N3O.Umbraco.Blog.csproj", "{6DC550B5-4E09-4064-B6D5-ADDB30A72408}"
EndProject
Project("{2150E333-8FDC-42A3-9474-1A3956D46DE8}") = "Forms", "Forms", "{CEC73D09-07C6-473B-8F7E-012C571789C9}"
EndProject
Project("{FAE04EC0-301F-11D3-BF4B-00C04F79EFBC}") = "N3O.Umbraco.Forms", "Forms\N3O.Umbraco.Forms\N3O.Umbraco.Forms.csproj", "{3257E452-5422-45C2-851E-8E82CA599E2F}"
EndProject
Project("{2150E333-8FDC-42A3-9474-1A3956D46DE8}") = "Captcha", "Captcha", "{722B8A69-BDA1-4806-B61F-B9740725A2D6}"
EndProject
Project("{FAE04EC0-301F-11D3-BF4B-00C04F79EFBC}") = "N3O.Umbraco.Captcha", "Captcha\N3O.Umbraco.Captcha\N3O.Umbraco.Captcha.csproj", "{28B69F2A-6029-48F0-9364-4ECB08F70055}"
EndProject
Project("{FAE04EC0-301F-11D3-BF4B-00C04F79EFBC}") = "N3O.Umbraco.Forms.StaticAssets", "Forms\N3O.Umbraco.Forms.StaticAssets\N3O.Umbraco.Forms.StaticAssets.csproj", "{910DF77A-12BB-42D8-A6D3-2F1616CCF335}"
EndProject
Project("{FAE04EC0-301F-11D3-BF4B-00C04F79EFBC}") = "N3O.Umbraco.Scheduler.StaticAssets", "Scheduler\N3O.Umbraco.Scheduler.StaticAssets\N3O.Umbraco.Scheduler.StaticAssets.csproj", "{76B93603-2413-4821-AA87-161315353F8B}"
EndProject
Project("{2150E333-8FDC-42A3-9474-1A3956D46DE8}") = "DemoSite", "DemoSite", "{798352C1-B84D-4956-89BE-ED18291D28C2}"
EndProject
Project("{FAE04EC0-301F-11D3-BF4B-00C04F79EFBC}") = "DemoSite.Core", "DemoSite\DemoSite.Core\DemoSite.Core.csproj", "{B0B12854-BBAC-4E47-A163-4F9352BAB8BE}"
EndProject
Project("{FAE04EC0-301F-11D3-BF4B-00C04F79EFBC}") = "DemoSite.Web", "DemoSite\DemoSite.Web\DemoSite.Web.csproj", "{36EC74F3-3855-44A8-ACA0-4E7AD2F7E81C}"
EndProject
Project("{2150E333-8FDC-42A3-9474-1A3956D46DE8}") = "Events", "Events", "{089F1E6D-53FD-4FB0-8008-76BEBCD040D7}"
EndProject
Project("{FAE04EC0-301F-11D3-BF4B-00C04F79EFBC}") = "N3O.Umbraco.Events", "Events\N3O.Umbraco.Events\N3O.Umbraco.Events.csproj", "{F9D6FD71-824B-4827-8D25-128B16D1FE84}"
EndProject
Project("{2150E333-8FDC-42A3-9474-1A3956D46DE8}") = "Video", "Video", "{85716BFA-8FEC-4E71-8C85-32728610351C}"
EndProject
Project("{FAE04EC0-301F-11D3-BF4B-00C04F79EFBC}") = "N3O.Umbraco.Video", "Video\N3O.Umbraco.Video\N3O.Umbraco.Video.csproj", "{A108ADCA-9281-45DB-A3F3-232EDFF104C9}"
EndProject
Project("{FAE04EC0-301F-11D3-BF4B-00C04F79EFBC}") = "N3O.Umbraco.Video.YouTube", "Video\N3O.Umbraco.Video.YouTube\N3O.Umbraco.Video.YouTube.csproj", "{38FDB487-CBFB-4C74-8E80-86F4B942D1B5}"
EndProject
Project("{FAE04EC0-301F-11D3-BF4B-00C04F79EFBC}") = "N3O.Umbraco.Sync.Forms", "Sync\N3O.Umbraco.Sync.Forms\N3O.Umbraco.Sync.Forms.csproj", "{77FFE53F-940A-4165-B285-E8F627E8E15A}"
EndProject
Project("{2150E333-8FDC-42A3-9474-1A3956D46DE8}") = "Marketing", "Marketing", "{399658D1-572C-4753-A912-7202790A256B}"
EndProject
Project("{FAE04EC0-301F-11D3-BF4B-00C04F79EFBC}") = "N3O.Umbraco.Marketing", "Marketing\N3O.Umbraco.Marketing\N3O.Umbraco.Marketing.csproj", "{6DF474F1-88D8-49EC-B939-75645EBF2CB4}"
EndProject
Project("{FAE04EC0-301F-11D3-BF4B-00C04F79EFBC}") = "N3O.Umbraco.Newsletters.Studio", "Newsletters\N3O.Umbraco.Newsletters.Studio\N3O.Umbraco.Newsletters.Studio.csproj", "{1C0C0F3D-B449-4010-92F7-B4F9F71A2C4B}"
EndProject
Project("{FAE04EC0-301F-11D3-BF4B-00C04F79EFBC}") = "N3O.Umbraco.Newsletters.Studio.StaticAssets", "Newsletters\N3O.Umbraco.Newsletters.Studio.StaticAssets\N3O.Umbraco.Newsletters.Studio.StaticAssets.csproj", "{100E9384-CE62-446A-9ACC-27F533EB4D76}"
EndProject
Project("{2150E333-8FDC-42A3-9474-1A3956D46DE8}") = "Maps", "Maps", "{757F10E3-F4E2-48D8-97CE-5AB2E7461F6F}"
EndProject
Project("{FAE04EC0-301F-11D3-BF4B-00C04F79EFBC}") = "N3O.Umbraco.Maps", "Maps\N3O.Umbraco.Maps\N3O.Umbraco.Maps.csproj", "{BEB8B93E-E57C-48F9-94BC-0E2CC0BEFE12}"
EndProject
Project("{FAE04EC0-301F-11D3-BF4B-00C04F79EFBC}") = "N3O.Umbraco.Maps.Google", "Maps\N3O.Umbraco.Maps.Google\N3O.Umbraco.Maps.Google.csproj", "{1839D64B-C1E1-48AE-943D-F42234EEB75C}"
EndProject
Project("{FAE04EC0-301F-11D3-BF4B-00C04F79EFBC}") = "N3O.Umbraco.Maps.Google.StaticAssets", "Maps\N3O.Umbraco.Maps.Google.StaticAssets\N3O.Umbraco.Maps.Google.StaticAssets.csproj", "{8A63CE8C-8A49-4BA6-BA4F-C73873DC1843}"
EndProject
Project("{FAE04EC0-301F-11D3-BF4B-00C04F79EFBC}") = "N3O.Umbraco.Giving", "Giving\N3O.Umbraco.Giving\N3O.Umbraco.Giving.csproj", "{4A0399A0-33B1-4E43-9E52-9D82C04A7C31}"
EndProject
Project("{FAE04EC0-301F-11D3-BF4B-00C04F79EFBC}") = "N3O.Umbraco.Payments.AuthorizeNet", "Payments\N3O.Umbraco.Payments.AuthorizeNet\N3O.Umbraco.Payments.AuthorizeNet.csproj", "{C2381747-6305-4DC2-B777-54A5D4B148F0}"
EndProject
Project("{2150E333-8FDC-42A3-9474-1A3956D46DE8}") = "Webhooks", "Webhooks", "{831339FB-A4F0-49C5-B528-AB0A07EF2E3C}"
EndProject
Project("{FAE04EC0-301F-11D3-BF4B-00C04F79EFBC}") = "N3O.Umbraco.Webhooks", "Webhooks\N3O.Umbraco.Webhooks\N3O.Umbraco.Webhooks.csproj", "{8477E2E4-AE25-4325-A21A-098FED377C68}"
EndProject
Project("{FAE04EC0-301F-11D3-BF4B-00C04F79EFBC}") = "N3O.Umbraco.Payments.Bambora", "Payments\N3O.Umbraco.Payments.Bambora\N3O.Umbraco.Payments.Bambora.csproj", "{3B94AD43-9372-48B0-8608-8B9B501C1579}"
EndProject
Project("{FAE04EC0-301F-11D3-BF4B-00C04F79EFBC}") = "N3O.Umbraco.Giving.Analytics", "Giving\N3O.Umbraco.Giving.Analytics\N3O.Umbraco.Giving.Analytics.csproj", "{DF33190B-6D5B-4D00-A254-E13BA250878E}"
EndProject
Project("{2150E333-8FDC-42A3-9474-1A3956D46DE8}") = "Konstrukt", "Konstrukt", "{C93D0FD2-0E42-43AD-96A4-53621B99D1B6}"
EndProject
Project("{FAE04EC0-301F-11D3-BF4B-00C04F79EFBC}") = "N3O.Umbraco.Konstrukt", "Konstrukt\N3O.Umbraco.Konstrukt\N3O.Umbraco.Konstrukt.csproj", "{898E01B2-CF43-4EFD-B33C-4D8278AC8B4E}"
EndProject
Project("{FAE04EC0-301F-11D3-BF4B-00C04F79EFBC}") = "N3O.Umbraco.Konstrukt.StaticAssets", "Konstrukt\N3O.Umbraco.Konstrukt.StaticAssets\N3O.Umbraco.Konstrukt.StaticAssets.csproj", "{40DD77FE-1F9A-43D2-B210-9DBF36974DD2}"
EndProject
Project("{FAE04EC0-301F-11D3-BF4B-00C04F79EFBC}") = "N3O.Umbraco.Search.Algolia", "Search\N3O.Umbraco.Search.Algolia\N3O.Umbraco.Search.Algolia.csproj", "{4D9F9D03-1C0B-45D0-A57C-240EB4533958}"
EndProject
Project("{2150E333-8FDC-42A3-9474-1A3956D46DE8}") = "Markup", "Markup", "{4A7E0750-1C49-41F4-B846-071626DE4581}"
EndProject
Project("{FAE04EC0-301F-11D3-BF4B-00C04F79EFBC}") = "N3O.Umbraco.Markup", "Markup\N3O.Umbraco.Markup\N3O.Umbraco.Markup.csproj", "{EC28C971-67F1-4129-8153-BAD8541AE270}"
EndProject
Project("{FAE04EC0-301F-11D3-BF4B-00C04F79EFBC}") = "N3O.Umbraco.Markup.Markdown", "Markup\N3O.Umbraco.Markup.Markdown\N3O.Umbraco.Markup.Markdown.csproj", "{4D1694D8-AB0B-4911-A341-F051E41DDE2F}"
EndProject
Project("{2150E333-8FDC-42A3-9474-1A3956D46DE8}") = "Bundling", "Bundling", "{9D94C90F-B1CD-4DE5-AFE4-E553DEDE86B5}"
EndProject
Project("{FAE04EC0-301F-11D3-BF4B-00C04F79EFBC}") = "N3O.Umbraco.Bundling", "Bundling\N3O.Umbraco.Bundling\N3O.Umbraco.Bundling.csproj", "{C52E624B-678F-46D5-8AAF-BCAD770CE1BE}"
EndProject
Project("{2150E333-8FDC-42A3-9474-1A3956D46DE8}") = "Data", "Data", "{FCAA47D1-B1F0-4386-A1C7-36BD6AF08DF4}"
EndProject
Project("{FAE04EC0-301F-11D3-BF4B-00C04F79EFBC}") = "N3O.Umbraco.Data", "Data\N3O.Umbraco.Data\N3O.Umbraco.Data.csproj", "{AB6CBD41-5829-4A77-A7B5-291B5EA68A92}"
EndProject
Project("{FAE04EC0-301F-11D3-BF4B-00C04F79EFBC}") = "N3O.Umbraco.Data.StaticAssets", "Data\N3O.Umbraco.Data.StaticAssets\N3O.Umbraco.Data.StaticAssets.csproj", "{350F17A9-2016-426B-80E5-8A4243BCA1F0}"
EndProject
Project("{FAE04EC0-301F-11D3-BF4B-00C04F79EFBC}") = "N3O.Umbraco.Search.Examine", "Search\N3O.Umbraco.Search.Examine\N3O.Umbraco.Search.Examine.csproj", "{6BF1E875-228F-4C4C-8E0A-71D07B4D954C}"
EndProject
Project("{2150E333-8FDC-42A3-9474-1A3956D46DE8}") = "Authentication", "Authentication", "{D08FAFA0-136A-4096-B2E6-834E605E6388}"
EndProject
Project("{FAE04EC0-301F-11D3-BF4B-00C04F79EFBC}") = "N3O.Umbraco.Authentication", "Authentication\N3O.Umbraco.Authentication\N3O.Umbraco.Authentication.csproj", "{8752BF07-73A5-41D3-AF91-CC1DEEA2F11B}"
EndProject
Project("{FAE04EC0-301F-11D3-BF4B-00C04F79EFBC}") = "N3O.Umbraco.Authentication.Auth0", "Authentication\N3O.Umbraco.Authentication.Auth0\N3O.Umbraco.Authentication.Auth0.csproj", "{722D4A01-C40D-44CA-AA3D-0E4FF37B972C}"
EndProject
Project("{FAE04EC0-301F-11D3-BF4B-00C04F79EFBC}") = "N3O.Umbraco.Cropper.Data", "Plugins\Cropper\N3O.Umbraco.Cropper.Data\N3O.Umbraco.Cropper.Data.csproj", "{889D9E79-C29C-4727-A860-F10C65DD65CD}"
EndProject
Project("{FAE04EC0-301F-11D3-BF4B-00C04F79EFBC}") = "N3O.Umbraco.Uploader.Data", "Plugins\Uploader\N3O.Umbraco.Uploader.Data\N3O.Umbraco.Uploader.Data.csproj", "{176BA512-D01A-4048-9388-9C52BDDB5571}"
EndProject
Project("{FAE04EC0-301F-11D3-BF4B-00C04F79EFBC}") = "N3O.Umbraco.Clients", "N3O.Umbraco.Clients\N3O.Umbraco.Clients.csproj", "{0DE478E0-990D-4596-BB4C-9CEB03071D18}"
EndProject
Global
	GlobalSection(SolutionConfigurationPlatforms) = preSolution
		Debug|Any CPU = Debug|Any CPU
		Release|Any CPU = Release|Any CPU
	EndGlobalSection
	GlobalSection(ProjectConfigurationPlatforms) = postSolution
		{397FD553-A427-4A14-915E-4A79DDA5DD7A}.Debug|Any CPU.ActiveCfg = Debug|Any CPU
		{397FD553-A427-4A14-915E-4A79DDA5DD7A}.Debug|Any CPU.Build.0 = Debug|Any CPU
		{397FD553-A427-4A14-915E-4A79DDA5DD7A}.Release|Any CPU.ActiveCfg = Release|Any CPU
		{397FD553-A427-4A14-915E-4A79DDA5DD7A}.Release|Any CPU.Build.0 = Release|Any CPU
		{92261BF7-045E-4D74-B9D1-E9F9D3E0599E}.Debug|Any CPU.ActiveCfg = Debug|Any CPU
		{92261BF7-045E-4D74-B9D1-E9F9D3E0599E}.Debug|Any CPU.Build.0 = Debug|Any CPU
		{92261BF7-045E-4D74-B9D1-E9F9D3E0599E}.Release|Any CPU.ActiveCfg = Release|Any CPU
		{92261BF7-045E-4D74-B9D1-E9F9D3E0599E}.Release|Any CPU.Build.0 = Release|Any CPU
		{2CE7EE1D-4DD8-4928-AD79-7CBB1B7CC120}.Debug|Any CPU.ActiveCfg = Debug|Any CPU
		{2CE7EE1D-4DD8-4928-AD79-7CBB1B7CC120}.Debug|Any CPU.Build.0 = Debug|Any CPU
		{2CE7EE1D-4DD8-4928-AD79-7CBB1B7CC120}.Release|Any CPU.ActiveCfg = Release|Any CPU
		{2CE7EE1D-4DD8-4928-AD79-7CBB1B7CC120}.Release|Any CPU.Build.0 = Release|Any CPU
		{42B1F054-6E37-467E-B06A-0DAC5D0E1BCC}.Debug|Any CPU.ActiveCfg = Debug|Any CPU
		{42B1F054-6E37-467E-B06A-0DAC5D0E1BCC}.Debug|Any CPU.Build.0 = Debug|Any CPU
		{42B1F054-6E37-467E-B06A-0DAC5D0E1BCC}.Release|Any CPU.ActiveCfg = Release|Any CPU
		{42B1F054-6E37-467E-B06A-0DAC5D0E1BCC}.Release|Any CPU.Build.0 = Release|Any CPU
		{AC158FAB-08A6-4658-8E2D-655BF857F57C}.Debug|Any CPU.ActiveCfg = Debug|Any CPU
		{AC158FAB-08A6-4658-8E2D-655BF857F57C}.Debug|Any CPU.Build.0 = Debug|Any CPU
		{AC158FAB-08A6-4658-8E2D-655BF857F57C}.Release|Any CPU.ActiveCfg = Release|Any CPU
		{AC158FAB-08A6-4658-8E2D-655BF857F57C}.Release|Any CPU.Build.0 = Release|Any CPU
		{3B168570-E5E8-47FF-A9EB-266A5BDA9F13}.Debug|Any CPU.ActiveCfg = Debug|Any CPU
		{3B168570-E5E8-47FF-A9EB-266A5BDA9F13}.Debug|Any CPU.Build.0 = Debug|Any CPU
		{3B168570-E5E8-47FF-A9EB-266A5BDA9F13}.Release|Any CPU.ActiveCfg = Release|Any CPU
		{3B168570-E5E8-47FF-A9EB-266A5BDA9F13}.Release|Any CPU.Build.0 = Release|Any CPU
		{73FA8359-09B8-4F4A-B17B-982B189C8B1C}.Debug|Any CPU.ActiveCfg = Debug|Any CPU
		{73FA8359-09B8-4F4A-B17B-982B189C8B1C}.Debug|Any CPU.Build.0 = Debug|Any CPU
		{73FA8359-09B8-4F4A-B17B-982B189C8B1C}.Release|Any CPU.ActiveCfg = Release|Any CPU
		{73FA8359-09B8-4F4A-B17B-982B189C8B1C}.Release|Any CPU.Build.0 = Release|Any CPU
		{79F20FAB-1130-4310-98BF-87E63565C39B}.Debug|Any CPU.ActiveCfg = Debug|Any CPU
		{79F20FAB-1130-4310-98BF-87E63565C39B}.Debug|Any CPU.Build.0 = Debug|Any CPU
		{79F20FAB-1130-4310-98BF-87E63565C39B}.Release|Any CPU.ActiveCfg = Release|Any CPU
		{79F20FAB-1130-4310-98BF-87E63565C39B}.Release|Any CPU.Build.0 = Release|Any CPU
		{519B5F00-F497-4A71-82F1-D639D20EAAAF}.Debug|Any CPU.ActiveCfg = Debug|Any CPU
		{519B5F00-F497-4A71-82F1-D639D20EAAAF}.Debug|Any CPU.Build.0 = Debug|Any CPU
		{519B5F00-F497-4A71-82F1-D639D20EAAAF}.Release|Any CPU.ActiveCfg = Release|Any CPU
		{519B5F00-F497-4A71-82F1-D639D20EAAAF}.Release|Any CPU.Build.0 = Release|Any CPU
		{803E952C-7BAB-4519-9517-A5396C8E5D2C}.Debug|Any CPU.ActiveCfg = Debug|Any CPU
		{803E952C-7BAB-4519-9517-A5396C8E5D2C}.Debug|Any CPU.Build.0 = Debug|Any CPU
		{803E952C-7BAB-4519-9517-A5396C8E5D2C}.Release|Any CPU.ActiveCfg = Release|Any CPU
		{803E952C-7BAB-4519-9517-A5396C8E5D2C}.Release|Any CPU.Build.0 = Release|Any CPU
		{A9AC3C39-FC6B-4DD1-8980-A71760BFF78F}.Debug|Any CPU.ActiveCfg = Debug|Any CPU
		{A9AC3C39-FC6B-4DD1-8980-A71760BFF78F}.Debug|Any CPU.Build.0 = Debug|Any CPU
		{A9AC3C39-FC6B-4DD1-8980-A71760BFF78F}.Release|Any CPU.ActiveCfg = Release|Any CPU
		{A9AC3C39-FC6B-4DD1-8980-A71760BFF78F}.Release|Any CPU.Build.0 = Release|Any CPU
		{E4CB8B81-0D04-4348-B0B3-E5A621246137}.Debug|Any CPU.ActiveCfg = Debug|Any CPU
		{E4CB8B81-0D04-4348-B0B3-E5A621246137}.Debug|Any CPU.Build.0 = Debug|Any CPU
		{E4CB8B81-0D04-4348-B0B3-E5A621246137}.Release|Any CPU.ActiveCfg = Release|Any CPU
		{E4CB8B81-0D04-4348-B0B3-E5A621246137}.Release|Any CPU.Build.0 = Release|Any CPU
		{0518F8A4-71D5-4D7C-8E43-3886AF8CB0B6}.Debug|Any CPU.ActiveCfg = Debug|Any CPU
		{0518F8A4-71D5-4D7C-8E43-3886AF8CB0B6}.Debug|Any CPU.Build.0 = Debug|Any CPU
		{0518F8A4-71D5-4D7C-8E43-3886AF8CB0B6}.Release|Any CPU.ActiveCfg = Release|Any CPU
		{0518F8A4-71D5-4D7C-8E43-3886AF8CB0B6}.Release|Any CPU.Build.0 = Release|Any CPU
		{517E3320-0DD0-4A09-9A43-BEDD928F396D}.Debug|Any CPU.ActiveCfg = Debug|Any CPU
		{517E3320-0DD0-4A09-9A43-BEDD928F396D}.Debug|Any CPU.Build.0 = Debug|Any CPU
		{517E3320-0DD0-4A09-9A43-BEDD928F396D}.Release|Any CPU.ActiveCfg = Release|Any CPU
		{517E3320-0DD0-4A09-9A43-BEDD928F396D}.Release|Any CPU.Build.0 = Release|Any CPU
		{0BA75F4E-9AB0-4CFD-A2B5-B9ADBFAF7743}.Debug|Any CPU.ActiveCfg = Debug|Any CPU
		{0BA75F4E-9AB0-4CFD-A2B5-B9ADBFAF7743}.Debug|Any CPU.Build.0 = Debug|Any CPU
		{0BA75F4E-9AB0-4CFD-A2B5-B9ADBFAF7743}.Release|Any CPU.ActiveCfg = Release|Any CPU
		{0BA75F4E-9AB0-4CFD-A2B5-B9ADBFAF7743}.Release|Any CPU.Build.0 = Release|Any CPU
		{997B99B2-A921-46C9-B820-98FE0A37B7DE}.Debug|Any CPU.ActiveCfg = Debug|Any CPU
		{997B99B2-A921-46C9-B820-98FE0A37B7DE}.Debug|Any CPU.Build.0 = Debug|Any CPU
		{997B99B2-A921-46C9-B820-98FE0A37B7DE}.Release|Any CPU.ActiveCfg = Release|Any CPU
		{997B99B2-A921-46C9-B820-98FE0A37B7DE}.Release|Any CPU.Build.0 = Release|Any CPU
		{FF2B143D-311C-49D9-B98D-42612D792FE8}.Debug|Any CPU.ActiveCfg = Debug|Any CPU
		{FF2B143D-311C-49D9-B98D-42612D792FE8}.Debug|Any CPU.Build.0 = Debug|Any CPU
		{FF2B143D-311C-49D9-B98D-42612D792FE8}.Release|Any CPU.ActiveCfg = Release|Any CPU
		{FF2B143D-311C-49D9-B98D-42612D792FE8}.Release|Any CPU.Build.0 = Release|Any CPU
		{F19A00AD-E0CF-4F7C-90E8-C04B5C851C9D}.Debug|Any CPU.ActiveCfg = Debug|Any CPU
		{F19A00AD-E0CF-4F7C-90E8-C04B5C851C9D}.Debug|Any CPU.Build.0 = Debug|Any CPU
		{F19A00AD-E0CF-4F7C-90E8-C04B5C851C9D}.Release|Any CPU.ActiveCfg = Release|Any CPU
		{F19A00AD-E0CF-4F7C-90E8-C04B5C851C9D}.Release|Any CPU.Build.0 = Release|Any CPU
		{CB568CA2-5007-4748-AA33-09B13E0EC5AF}.Debug|Any CPU.ActiveCfg = Debug|Any CPU
		{CB568CA2-5007-4748-AA33-09B13E0EC5AF}.Debug|Any CPU.Build.0 = Debug|Any CPU
		{CB568CA2-5007-4748-AA33-09B13E0EC5AF}.Release|Any CPU.ActiveCfg = Release|Any CPU
		{CB568CA2-5007-4748-AA33-09B13E0EC5AF}.Release|Any CPU.Build.0 = Release|Any CPU
		{506994FE-C479-447C-8D0C-2D7F6B1718BC}.Debug|Any CPU.ActiveCfg = Debug|Any CPU
		{506994FE-C479-447C-8D0C-2D7F6B1718BC}.Debug|Any CPU.Build.0 = Debug|Any CPU
		{506994FE-C479-447C-8D0C-2D7F6B1718BC}.Release|Any CPU.ActiveCfg = Release|Any CPU
		{506994FE-C479-447C-8D0C-2D7F6B1718BC}.Release|Any CPU.Build.0 = Release|Any CPU
		{C549C912-CB24-45F7-A15E-B8794C78F5F4}.Debug|Any CPU.ActiveCfg = Debug|Any CPU
		{C549C912-CB24-45F7-A15E-B8794C78F5F4}.Debug|Any CPU.Build.0 = Debug|Any CPU
		{C549C912-CB24-45F7-A15E-B8794C78F5F4}.Release|Any CPU.ActiveCfg = Release|Any CPU
		{C549C912-CB24-45F7-A15E-B8794C78F5F4}.Release|Any CPU.Build.0 = Release|Any CPU
		{B7F05FCB-063C-45AD-8CCB-E7E6779A0946}.Debug|Any CPU.ActiveCfg = Debug|Any CPU
		{B7F05FCB-063C-45AD-8CCB-E7E6779A0946}.Debug|Any CPU.Build.0 = Debug|Any CPU
		{B7F05FCB-063C-45AD-8CCB-E7E6779A0946}.Release|Any CPU.ActiveCfg = Release|Any CPU
		{B7F05FCB-063C-45AD-8CCB-E7E6779A0946}.Release|Any CPU.Build.0 = Release|Any CPU
		{648FE377-3525-4C93-894D-4698A3987703}.Debug|Any CPU.ActiveCfg = Debug|Any CPU
		{648FE377-3525-4C93-894D-4698A3987703}.Debug|Any CPU.Build.0 = Debug|Any CPU
		{648FE377-3525-4C93-894D-4698A3987703}.Release|Any CPU.ActiveCfg = Release|Any CPU
		{648FE377-3525-4C93-894D-4698A3987703}.Release|Any CPU.Build.0 = Release|Any CPU
		{27C58638-3A95-47CE-9665-7E5643573100}.Debug|Any CPU.ActiveCfg = Debug|Any CPU
		{27C58638-3A95-47CE-9665-7E5643573100}.Debug|Any CPU.Build.0 = Debug|Any CPU
		{27C58638-3A95-47CE-9665-7E5643573100}.Release|Any CPU.ActiveCfg = Release|Any CPU
		{27C58638-3A95-47CE-9665-7E5643573100}.Release|Any CPU.Build.0 = Release|Any CPU
		{4F4B5B65-D7D9-48A6-A440-0221A40BA8B4}.Debug|Any CPU.ActiveCfg = Debug|Any CPU
		{4F4B5B65-D7D9-48A6-A440-0221A40BA8B4}.Debug|Any CPU.Build.0 = Debug|Any CPU
		{4F4B5B65-D7D9-48A6-A440-0221A40BA8B4}.Release|Any CPU.ActiveCfg = Release|Any CPU
		{4F4B5B65-D7D9-48A6-A440-0221A40BA8B4}.Release|Any CPU.Build.0 = Release|Any CPU
		{B8EB4002-BF50-47DB-BEB3-41F78694BA67}.Debug|Any CPU.ActiveCfg = Debug|Any CPU
		{B8EB4002-BF50-47DB-BEB3-41F78694BA67}.Debug|Any CPU.Build.0 = Debug|Any CPU
		{B8EB4002-BF50-47DB-BEB3-41F78694BA67}.Release|Any CPU.ActiveCfg = Release|Any CPU
		{B8EB4002-BF50-47DB-BEB3-41F78694BA67}.Release|Any CPU.Build.0 = Release|Any CPU
		{AB74D373-E09B-485F-AE26-6C6DBF305A81}.Debug|Any CPU.ActiveCfg = Debug|Any CPU
		{AB74D373-E09B-485F-AE26-6C6DBF305A81}.Debug|Any CPU.Build.0 = Debug|Any CPU
		{AB74D373-E09B-485F-AE26-6C6DBF305A81}.Release|Any CPU.ActiveCfg = Release|Any CPU
		{AB74D373-E09B-485F-AE26-6C6DBF305A81}.Release|Any CPU.Build.0 = Release|Any CPU
		{B6C105F8-FD72-43A5-90A7-AF50F736858C}.Debug|Any CPU.ActiveCfg = Debug|Any CPU
		{B6C105F8-FD72-43A5-90A7-AF50F736858C}.Debug|Any CPU.Build.0 = Debug|Any CPU
		{B6C105F8-FD72-43A5-90A7-AF50F736858C}.Release|Any CPU.ActiveCfg = Release|Any CPU
		{B6C105F8-FD72-43A5-90A7-AF50F736858C}.Release|Any CPU.Build.0 = Release|Any CPU
		{CBF6DD63-6D94-48B7-94EA-036344367005}.Debug|Any CPU.ActiveCfg = Debug|Any CPU
		{CBF6DD63-6D94-48B7-94EA-036344367005}.Debug|Any CPU.Build.0 = Debug|Any CPU
		{CBF6DD63-6D94-48B7-94EA-036344367005}.Release|Any CPU.ActiveCfg = Release|Any CPU
		{CBF6DD63-6D94-48B7-94EA-036344367005}.Release|Any CPU.Build.0 = Release|Any CPU
		{76EBDBA4-9288-4680-8AE3-C99D5D6BB76B}.Debug|Any CPU.ActiveCfg = Debug|Any CPU
		{76EBDBA4-9288-4680-8AE3-C99D5D6BB76B}.Debug|Any CPU.Build.0 = Debug|Any CPU
		{76EBDBA4-9288-4680-8AE3-C99D5D6BB76B}.Release|Any CPU.ActiveCfg = Release|Any CPU
		{76EBDBA4-9288-4680-8AE3-C99D5D6BB76B}.Release|Any CPU.Build.0 = Release|Any CPU
		{C92BD03B-89E0-4028-A636-013BD6347C34}.Debug|Any CPU.ActiveCfg = Debug|Any CPU
		{C92BD03B-89E0-4028-A636-013BD6347C34}.Debug|Any CPU.Build.0 = Debug|Any CPU
		{C92BD03B-89E0-4028-A636-013BD6347C34}.Release|Any CPU.ActiveCfg = Release|Any CPU
		{C92BD03B-89E0-4028-A636-013BD6347C34}.Release|Any CPU.Build.0 = Release|Any CPU
		{C408B269-817B-4739-AD7B-2344EDDCB3AB}.Debug|Any CPU.ActiveCfg = Debug|Any CPU
		{C408B269-817B-4739-AD7B-2344EDDCB3AB}.Debug|Any CPU.Build.0 = Debug|Any CPU
		{C408B269-817B-4739-AD7B-2344EDDCB3AB}.Release|Any CPU.ActiveCfg = Release|Any CPU
		{C408B269-817B-4739-AD7B-2344EDDCB3AB}.Release|Any CPU.Build.0 = Release|Any CPU
		{50B0A6DB-4FB4-49B0-86CA-FEFF80A3474F}.Debug|Any CPU.ActiveCfg = Debug|Any CPU
		{50B0A6DB-4FB4-49B0-86CA-FEFF80A3474F}.Debug|Any CPU.Build.0 = Debug|Any CPU
		{50B0A6DB-4FB4-49B0-86CA-FEFF80A3474F}.Release|Any CPU.ActiveCfg = Release|Any CPU
		{50B0A6DB-4FB4-49B0-86CA-FEFF80A3474F}.Release|Any CPU.Build.0 = Release|Any CPU
		{AEFCBA6E-E7C1-4637-ABAD-6D8319FFE352}.Debug|Any CPU.ActiveCfg = Debug|Any CPU
		{AEFCBA6E-E7C1-4637-ABAD-6D8319FFE352}.Debug|Any CPU.Build.0 = Debug|Any CPU
		{AEFCBA6E-E7C1-4637-ABAD-6D8319FFE352}.Release|Any CPU.ActiveCfg = Release|Any CPU
		{AEFCBA6E-E7C1-4637-ABAD-6D8319FFE352}.Release|Any CPU.Build.0 = Release|Any CPU
		{9ED52288-3E3C-4999-B2BE-217B683D801F}.Debug|Any CPU.ActiveCfg = Debug|Any CPU
		{9ED52288-3E3C-4999-B2BE-217B683D801F}.Debug|Any CPU.Build.0 = Debug|Any CPU
		{9ED52288-3E3C-4999-B2BE-217B683D801F}.Release|Any CPU.ActiveCfg = Release|Any CPU
		{9ED52288-3E3C-4999-B2BE-217B683D801F}.Release|Any CPU.Build.0 = Release|Any CPU
		{F9827455-744C-4B38-9911-98D9FA586B04}.Debug|Any CPU.ActiveCfg = Debug|Any CPU
		{F9827455-744C-4B38-9911-98D9FA586B04}.Debug|Any CPU.Build.0 = Debug|Any CPU
		{F9827455-744C-4B38-9911-98D9FA586B04}.Release|Any CPU.ActiveCfg = Release|Any CPU
		{F9827455-744C-4B38-9911-98D9FA586B04}.Release|Any CPU.Build.0 = Release|Any CPU
		{90FE74F4-0C17-4601-9CAF-80E7F797EAB2}.Debug|Any CPU.ActiveCfg = Debug|Any CPU
		{90FE74F4-0C17-4601-9CAF-80E7F797EAB2}.Debug|Any CPU.Build.0 = Debug|Any CPU
		{90FE74F4-0C17-4601-9CAF-80E7F797EAB2}.Release|Any CPU.ActiveCfg = Release|Any CPU
		{90FE74F4-0C17-4601-9CAF-80E7F797EAB2}.Release|Any CPU.Build.0 = Release|Any CPU
		{D407C89F-DCAA-48D3-9F24-F6F447A7E7DC}.Debug|Any CPU.ActiveCfg = Debug|Any CPU
		{D407C89F-DCAA-48D3-9F24-F6F447A7E7DC}.Debug|Any CPU.Build.0 = Debug|Any CPU
		{D407C89F-DCAA-48D3-9F24-F6F447A7E7DC}.Release|Any CPU.ActiveCfg = Release|Any CPU
		{D407C89F-DCAA-48D3-9F24-F6F447A7E7DC}.Release|Any CPU.Build.0 = Release|Any CPU
		{8E4B5C52-4FB4-4279-BFE7-CCD4F961EE2E}.Debug|Any CPU.ActiveCfg = Debug|Any CPU
		{8E4B5C52-4FB4-4279-BFE7-CCD4F961EE2E}.Debug|Any CPU.Build.0 = Debug|Any CPU
		{8E4B5C52-4FB4-4279-BFE7-CCD4F961EE2E}.Release|Any CPU.ActiveCfg = Release|Any CPU
		{8E4B5C52-4FB4-4279-BFE7-CCD4F961EE2E}.Release|Any CPU.Build.0 = Release|Any CPU
		{A68D6913-564F-4046-B4A2-816556F12010}.Debug|Any CPU.ActiveCfg = Debug|Any CPU
		{A68D6913-564F-4046-B4A2-816556F12010}.Debug|Any CPU.Build.0 = Debug|Any CPU
		{A68D6913-564F-4046-B4A2-816556F12010}.Release|Any CPU.ActiveCfg = Release|Any CPU
		{A68D6913-564F-4046-B4A2-816556F12010}.Release|Any CPU.Build.0 = Release|Any CPU
		{5580F1FF-BADF-4773-B0EF-783B3336B12C}.Debug|Any CPU.ActiveCfg = Debug|Any CPU
		{5580F1FF-BADF-4773-B0EF-783B3336B12C}.Debug|Any CPU.Build.0 = Debug|Any CPU
		{5580F1FF-BADF-4773-B0EF-783B3336B12C}.Release|Any CPU.ActiveCfg = Release|Any CPU
		{5580F1FF-BADF-4773-B0EF-783B3336B12C}.Release|Any CPU.Build.0 = Release|Any CPU
		{ABA23913-C488-49A6-AC4D-62BFA92B81A7}.Debug|Any CPU.ActiveCfg = Debug|Any CPU
		{ABA23913-C488-49A6-AC4D-62BFA92B81A7}.Debug|Any CPU.Build.0 = Debug|Any CPU
		{ABA23913-C488-49A6-AC4D-62BFA92B81A7}.Release|Any CPU.ActiveCfg = Release|Any CPU
		{ABA23913-C488-49A6-AC4D-62BFA92B81A7}.Release|Any CPU.Build.0 = Release|Any CPU
		{99E5688B-ACE3-4DCA-BA67-645201B06CED}.Debug|Any CPU.ActiveCfg = Debug|Any CPU
		{99E5688B-ACE3-4DCA-BA67-645201B06CED}.Debug|Any CPU.Build.0 = Debug|Any CPU
		{99E5688B-ACE3-4DCA-BA67-645201B06CED}.Release|Any CPU.ActiveCfg = Release|Any CPU
		{99E5688B-ACE3-4DCA-BA67-645201B06CED}.Release|Any CPU.Build.0 = Release|Any CPU
		{6EC2B0A5-B06D-47B9-92FC-F47C1EFA5C08}.Debug|Any CPU.ActiveCfg = Debug|Any CPU
		{6EC2B0A5-B06D-47B9-92FC-F47C1EFA5C08}.Debug|Any CPU.Build.0 = Debug|Any CPU
		{6EC2B0A5-B06D-47B9-92FC-F47C1EFA5C08}.Release|Any CPU.ActiveCfg = Release|Any CPU
		{6EC2B0A5-B06D-47B9-92FC-F47C1EFA5C08}.Release|Any CPU.Build.0 = Release|Any CPU
		{6DC550B5-4E09-4064-B6D5-ADDB30A72408}.Debug|Any CPU.ActiveCfg = Debug|Any CPU
		{6DC550B5-4E09-4064-B6D5-ADDB30A72408}.Debug|Any CPU.Build.0 = Debug|Any CPU
		{6DC550B5-4E09-4064-B6D5-ADDB30A72408}.Release|Any CPU.ActiveCfg = Release|Any CPU
		{6DC550B5-4E09-4064-B6D5-ADDB30A72408}.Release|Any CPU.Build.0 = Release|Any CPU
		{3257E452-5422-45C2-851E-8E82CA599E2F}.Debug|Any CPU.ActiveCfg = Debug|Any CPU
		{3257E452-5422-45C2-851E-8E82CA599E2F}.Debug|Any CPU.Build.0 = Debug|Any CPU
		{3257E452-5422-45C2-851E-8E82CA599E2F}.Release|Any CPU.ActiveCfg = Release|Any CPU
		{3257E452-5422-45C2-851E-8E82CA599E2F}.Release|Any CPU.Build.0 = Release|Any CPU
		{28B69F2A-6029-48F0-9364-4ECB08F70055}.Debug|Any CPU.ActiveCfg = Debug|Any CPU
		{28B69F2A-6029-48F0-9364-4ECB08F70055}.Debug|Any CPU.Build.0 = Debug|Any CPU
		{28B69F2A-6029-48F0-9364-4ECB08F70055}.Release|Any CPU.ActiveCfg = Release|Any CPU
		{28B69F2A-6029-48F0-9364-4ECB08F70055}.Release|Any CPU.Build.0 = Release|Any CPU
		{910DF77A-12BB-42D8-A6D3-2F1616CCF335}.Debug|Any CPU.ActiveCfg = Debug|Any CPU
		{910DF77A-12BB-42D8-A6D3-2F1616CCF335}.Debug|Any CPU.Build.0 = Debug|Any CPU
		{910DF77A-12BB-42D8-A6D3-2F1616CCF335}.Release|Any CPU.ActiveCfg = Release|Any CPU
		{910DF77A-12BB-42D8-A6D3-2F1616CCF335}.Release|Any CPU.Build.0 = Release|Any CPU
		{76B93603-2413-4821-AA87-161315353F8B}.Debug|Any CPU.ActiveCfg = Debug|Any CPU
		{76B93603-2413-4821-AA87-161315353F8B}.Debug|Any CPU.Build.0 = Debug|Any CPU
		{76B93603-2413-4821-AA87-161315353F8B}.Release|Any CPU.ActiveCfg = Release|Any CPU
		{76B93603-2413-4821-AA87-161315353F8B}.Release|Any CPU.Build.0 = Release|Any CPU
		{B0B12854-BBAC-4E47-A163-4F9352BAB8BE}.Debug|Any CPU.ActiveCfg = Debug|Any CPU
		{B0B12854-BBAC-4E47-A163-4F9352BAB8BE}.Debug|Any CPU.Build.0 = Debug|Any CPU
		{B0B12854-BBAC-4E47-A163-4F9352BAB8BE}.Release|Any CPU.ActiveCfg = Release|Any CPU
		{B0B12854-BBAC-4E47-A163-4F9352BAB8BE}.Release|Any CPU.Build.0 = Release|Any CPU
		{36EC74F3-3855-44A8-ACA0-4E7AD2F7E81C}.Debug|Any CPU.ActiveCfg = Debug|Any CPU
		{36EC74F3-3855-44A8-ACA0-4E7AD2F7E81C}.Debug|Any CPU.Build.0 = Debug|Any CPU
		{36EC74F3-3855-44A8-ACA0-4E7AD2F7E81C}.Release|Any CPU.ActiveCfg = Release|Any CPU
		{36EC74F3-3855-44A8-ACA0-4E7AD2F7E81C}.Release|Any CPU.Build.0 = Release|Any CPU
		{F9D6FD71-824B-4827-8D25-128B16D1FE84}.Debug|Any CPU.ActiveCfg = Debug|Any CPU
		{F9D6FD71-824B-4827-8D25-128B16D1FE84}.Debug|Any CPU.Build.0 = Debug|Any CPU
		{F9D6FD71-824B-4827-8D25-128B16D1FE84}.Release|Any CPU.ActiveCfg = Release|Any CPU
		{F9D6FD71-824B-4827-8D25-128B16D1FE84}.Release|Any CPU.Build.0 = Release|Any CPU
		{A108ADCA-9281-45DB-A3F3-232EDFF104C9}.Debug|Any CPU.ActiveCfg = Debug|Any CPU
		{A108ADCA-9281-45DB-A3F3-232EDFF104C9}.Debug|Any CPU.Build.0 = Debug|Any CPU
		{A108ADCA-9281-45DB-A3F3-232EDFF104C9}.Release|Any CPU.ActiveCfg = Release|Any CPU
		{A108ADCA-9281-45DB-A3F3-232EDFF104C9}.Release|Any CPU.Build.0 = Release|Any CPU
		{38FDB487-CBFB-4C74-8E80-86F4B942D1B5}.Debug|Any CPU.ActiveCfg = Debug|Any CPU
		{38FDB487-CBFB-4C74-8E80-86F4B942D1B5}.Debug|Any CPU.Build.0 = Debug|Any CPU
		{38FDB487-CBFB-4C74-8E80-86F4B942D1B5}.Release|Any CPU.ActiveCfg = Release|Any CPU
		{38FDB487-CBFB-4C74-8E80-86F4B942D1B5}.Release|Any CPU.Build.0 = Release|Any CPU
		{77FFE53F-940A-4165-B285-E8F627E8E15A}.Debug|Any CPU.ActiveCfg = Debug|Any CPU
		{77FFE53F-940A-4165-B285-E8F627E8E15A}.Debug|Any CPU.Build.0 = Debug|Any CPU
		{77FFE53F-940A-4165-B285-E8F627E8E15A}.Release|Any CPU.ActiveCfg = Release|Any CPU
		{77FFE53F-940A-4165-B285-E8F627E8E15A}.Release|Any CPU.Build.0 = Release|Any CPU
		{6DF474F1-88D8-49EC-B939-75645EBF2CB4}.Debug|Any CPU.ActiveCfg = Debug|Any CPU
		{6DF474F1-88D8-49EC-B939-75645EBF2CB4}.Debug|Any CPU.Build.0 = Debug|Any CPU
		{6DF474F1-88D8-49EC-B939-75645EBF2CB4}.Release|Any CPU.ActiveCfg = Release|Any CPU
		{6DF474F1-88D8-49EC-B939-75645EBF2CB4}.Release|Any CPU.Build.0 = Release|Any CPU
		{1C0C0F3D-B449-4010-92F7-B4F9F71A2C4B}.Debug|Any CPU.ActiveCfg = Debug|Any CPU
		{1C0C0F3D-B449-4010-92F7-B4F9F71A2C4B}.Debug|Any CPU.Build.0 = Debug|Any CPU
		{1C0C0F3D-B449-4010-92F7-B4F9F71A2C4B}.Release|Any CPU.ActiveCfg = Release|Any CPU
		{1C0C0F3D-B449-4010-92F7-B4F9F71A2C4B}.Release|Any CPU.Build.0 = Release|Any CPU
		{100E9384-CE62-446A-9ACC-27F533EB4D76}.Debug|Any CPU.ActiveCfg = Debug|Any CPU
		{100E9384-CE62-446A-9ACC-27F533EB4D76}.Debug|Any CPU.Build.0 = Debug|Any CPU
		{100E9384-CE62-446A-9ACC-27F533EB4D76}.Release|Any CPU.ActiveCfg = Release|Any CPU
		{100E9384-CE62-446A-9ACC-27F533EB4D76}.Release|Any CPU.Build.0 = Release|Any CPU
		{BEB8B93E-E57C-48F9-94BC-0E2CC0BEFE12}.Debug|Any CPU.ActiveCfg = Debug|Any CPU
		{BEB8B93E-E57C-48F9-94BC-0E2CC0BEFE12}.Debug|Any CPU.Build.0 = Debug|Any CPU
		{BEB8B93E-E57C-48F9-94BC-0E2CC0BEFE12}.Release|Any CPU.ActiveCfg = Release|Any CPU
		{BEB8B93E-E57C-48F9-94BC-0E2CC0BEFE12}.Release|Any CPU.Build.0 = Release|Any CPU
		{1839D64B-C1E1-48AE-943D-F42234EEB75C}.Debug|Any CPU.ActiveCfg = Debug|Any CPU
		{1839D64B-C1E1-48AE-943D-F42234EEB75C}.Debug|Any CPU.Build.0 = Debug|Any CPU
		{1839D64B-C1E1-48AE-943D-F42234EEB75C}.Release|Any CPU.ActiveCfg = Release|Any CPU
		{1839D64B-C1E1-48AE-943D-F42234EEB75C}.Release|Any CPU.Build.0 = Release|Any CPU
		{8A63CE8C-8A49-4BA6-BA4F-C73873DC1843}.Debug|Any CPU.ActiveCfg = Debug|Any CPU
		{8A63CE8C-8A49-4BA6-BA4F-C73873DC1843}.Debug|Any CPU.Build.0 = Debug|Any CPU
		{8A63CE8C-8A49-4BA6-BA4F-C73873DC1843}.Release|Any CPU.ActiveCfg = Release|Any CPU
		{8A63CE8C-8A49-4BA6-BA4F-C73873DC1843}.Release|Any CPU.Build.0 = Release|Any CPU
		{4A0399A0-33B1-4E43-9E52-9D82C04A7C31}.Debug|Any CPU.ActiveCfg = Debug|Any CPU
		{4A0399A0-33B1-4E43-9E52-9D82C04A7C31}.Debug|Any CPU.Build.0 = Debug|Any CPU
		{4A0399A0-33B1-4E43-9E52-9D82C04A7C31}.Release|Any CPU.ActiveCfg = Release|Any CPU
		{4A0399A0-33B1-4E43-9E52-9D82C04A7C31}.Release|Any CPU.Build.0 = Release|Any CPU
		{C2381747-6305-4DC2-B777-54A5D4B148F0}.Debug|Any CPU.ActiveCfg = Debug|Any CPU
		{C2381747-6305-4DC2-B777-54A5D4B148F0}.Debug|Any CPU.Build.0 = Debug|Any CPU
		{C2381747-6305-4DC2-B777-54A5D4B148F0}.Release|Any CPU.ActiveCfg = Release|Any CPU
		{C2381747-6305-4DC2-B777-54A5D4B148F0}.Release|Any CPU.Build.0 = Release|Any CPU
		{8477E2E4-AE25-4325-A21A-098FED377C68}.Debug|Any CPU.ActiveCfg = Debug|Any CPU
		{8477E2E4-AE25-4325-A21A-098FED377C68}.Debug|Any CPU.Build.0 = Debug|Any CPU
		{8477E2E4-AE25-4325-A21A-098FED377C68}.Release|Any CPU.ActiveCfg = Release|Any CPU
		{8477E2E4-AE25-4325-A21A-098FED377C68}.Release|Any CPU.Build.0 = Release|Any CPU
		{3B94AD43-9372-48B0-8608-8B9B501C1579}.Debug|Any CPU.ActiveCfg = Debug|Any CPU
		{3B94AD43-9372-48B0-8608-8B9B501C1579}.Debug|Any CPU.Build.0 = Debug|Any CPU
		{3B94AD43-9372-48B0-8608-8B9B501C1579}.Release|Any CPU.ActiveCfg = Release|Any CPU
		{3B94AD43-9372-48B0-8608-8B9B501C1579}.Release|Any CPU.Build.0 = Release|Any CPU
		{DF33190B-6D5B-4D00-A254-E13BA250878E}.Debug|Any CPU.ActiveCfg = Debug|Any CPU
		{DF33190B-6D5B-4D00-A254-E13BA250878E}.Debug|Any CPU.Build.0 = Debug|Any CPU
		{DF33190B-6D5B-4D00-A254-E13BA250878E}.Release|Any CPU.ActiveCfg = Release|Any CPU
		{DF33190B-6D5B-4D00-A254-E13BA250878E}.Release|Any CPU.Build.0 = Release|Any CPU
		{898E01B2-CF43-4EFD-B33C-4D8278AC8B4E}.Debug|Any CPU.ActiveCfg = Debug|Any CPU
		{898E01B2-CF43-4EFD-B33C-4D8278AC8B4E}.Debug|Any CPU.Build.0 = Debug|Any CPU
		{898E01B2-CF43-4EFD-B33C-4D8278AC8B4E}.Release|Any CPU.ActiveCfg = Release|Any CPU
		{898E01B2-CF43-4EFD-B33C-4D8278AC8B4E}.Release|Any CPU.Build.0 = Release|Any CPU
		{40DD77FE-1F9A-43D2-B210-9DBF36974DD2}.Debug|Any CPU.ActiveCfg = Debug|Any CPU
		{40DD77FE-1F9A-43D2-B210-9DBF36974DD2}.Debug|Any CPU.Build.0 = Debug|Any CPU
		{40DD77FE-1F9A-43D2-B210-9DBF36974DD2}.Release|Any CPU.ActiveCfg = Release|Any CPU
		{40DD77FE-1F9A-43D2-B210-9DBF36974DD2}.Release|Any CPU.Build.0 = Release|Any CPU
		{4D9F9D03-1C0B-45D0-A57C-240EB4533958}.Debug|Any CPU.ActiveCfg = Debug|Any CPU
		{4D9F9D03-1C0B-45D0-A57C-240EB4533958}.Debug|Any CPU.Build.0 = Debug|Any CPU
		{4D9F9D03-1C0B-45D0-A57C-240EB4533958}.Release|Any CPU.ActiveCfg = Release|Any CPU
		{4D9F9D03-1C0B-45D0-A57C-240EB4533958}.Release|Any CPU.Build.0 = Release|Any CPU
		{EC28C971-67F1-4129-8153-BAD8541AE270}.Debug|Any CPU.ActiveCfg = Debug|Any CPU
		{EC28C971-67F1-4129-8153-BAD8541AE270}.Debug|Any CPU.Build.0 = Debug|Any CPU
		{EC28C971-67F1-4129-8153-BAD8541AE270}.Release|Any CPU.ActiveCfg = Release|Any CPU
		{EC28C971-67F1-4129-8153-BAD8541AE270}.Release|Any CPU.Build.0 = Release|Any CPU
		{4D1694D8-AB0B-4911-A341-F051E41DDE2F}.Debug|Any CPU.ActiveCfg = Debug|Any CPU
		{4D1694D8-AB0B-4911-A341-F051E41DDE2F}.Debug|Any CPU.Build.0 = Debug|Any CPU
		{4D1694D8-AB0B-4911-A341-F051E41DDE2F}.Release|Any CPU.ActiveCfg = Release|Any CPU
		{4D1694D8-AB0B-4911-A341-F051E41DDE2F}.Release|Any CPU.Build.0 = Release|Any CPU
		{C52E624B-678F-46D5-8AAF-BCAD770CE1BE}.Debug|Any CPU.ActiveCfg = Debug|Any CPU
		{C52E624B-678F-46D5-8AAF-BCAD770CE1BE}.Debug|Any CPU.Build.0 = Debug|Any CPU
		{C52E624B-678F-46D5-8AAF-BCAD770CE1BE}.Release|Any CPU.ActiveCfg = Release|Any CPU
		{C52E624B-678F-46D5-8AAF-BCAD770CE1BE}.Release|Any CPU.Build.0 = Release|Any CPU
		{AB6CBD41-5829-4A77-A7B5-291B5EA68A92}.Debug|Any CPU.ActiveCfg = Debug|Any CPU
		{AB6CBD41-5829-4A77-A7B5-291B5EA68A92}.Debug|Any CPU.Build.0 = Debug|Any CPU
		{AB6CBD41-5829-4A77-A7B5-291B5EA68A92}.Release|Any CPU.ActiveCfg = Release|Any CPU
		{AB6CBD41-5829-4A77-A7B5-291B5EA68A92}.Release|Any CPU.Build.0 = Release|Any CPU
		{350F17A9-2016-426B-80E5-8A4243BCA1F0}.Debug|Any CPU.ActiveCfg = Debug|Any CPU
		{350F17A9-2016-426B-80E5-8A4243BCA1F0}.Debug|Any CPU.Build.0 = Debug|Any CPU
		{350F17A9-2016-426B-80E5-8A4243BCA1F0}.Release|Any CPU.ActiveCfg = Release|Any CPU
		{350F17A9-2016-426B-80E5-8A4243BCA1F0}.Release|Any CPU.Build.0 = Release|Any CPU
		{6BF1E875-228F-4C4C-8E0A-71D07B4D954C}.Debug|Any CPU.ActiveCfg = Debug|Any CPU
		{6BF1E875-228F-4C4C-8E0A-71D07B4D954C}.Debug|Any CPU.Build.0 = Debug|Any CPU
		{6BF1E875-228F-4C4C-8E0A-71D07B4D954C}.Release|Any CPU.ActiveCfg = Release|Any CPU
		{6BF1E875-228F-4C4C-8E0A-71D07B4D954C}.Release|Any CPU.Build.0 = Release|Any CPU
		{8752BF07-73A5-41D3-AF91-CC1DEEA2F11B}.Debug|Any CPU.ActiveCfg = Debug|Any CPU
		{8752BF07-73A5-41D3-AF91-CC1DEEA2F11B}.Debug|Any CPU.Build.0 = Debug|Any CPU
		{8752BF07-73A5-41D3-AF91-CC1DEEA2F11B}.Release|Any CPU.ActiveCfg = Release|Any CPU
		{8752BF07-73A5-41D3-AF91-CC1DEEA2F11B}.Release|Any CPU.Build.0 = Release|Any CPU
		{722D4A01-C40D-44CA-AA3D-0E4FF37B972C}.Debug|Any CPU.ActiveCfg = Debug|Any CPU
		{722D4A01-C40D-44CA-AA3D-0E4FF37B972C}.Debug|Any CPU.Build.0 = Debug|Any CPU
		{722D4A01-C40D-44CA-AA3D-0E4FF37B972C}.Release|Any CPU.ActiveCfg = Release|Any CPU
		{722D4A01-C40D-44CA-AA3D-0E4FF37B972C}.Release|Any CPU.Build.0 = Release|Any CPU
		{889D9E79-C29C-4727-A860-F10C65DD65CD}.Debug|Any CPU.ActiveCfg = Debug|Any CPU
		{889D9E79-C29C-4727-A860-F10C65DD65CD}.Debug|Any CPU.Build.0 = Debug|Any CPU
		{889D9E79-C29C-4727-A860-F10C65DD65CD}.Release|Any CPU.ActiveCfg = Release|Any CPU
		{889D9E79-C29C-4727-A860-F10C65DD65CD}.Release|Any CPU.Build.0 = Release|Any CPU
		{176BA512-D01A-4048-9388-9C52BDDB5571}.Debug|Any CPU.ActiveCfg = Debug|Any CPU
		{176BA512-D01A-4048-9388-9C52BDDB5571}.Debug|Any CPU.Build.0 = Debug|Any CPU
		{176BA512-D01A-4048-9388-9C52BDDB5571}.Release|Any CPU.ActiveCfg = Release|Any CPU
		{176BA512-D01A-4048-9388-9C52BDDB5571}.Release|Any CPU.Build.0 = Release|Any CPU
		{0DE478E0-990D-4596-BB4C-9CEB03071D18}.Debug|Any CPU.ActiveCfg = Debug|Any CPU
		{0DE478E0-990D-4596-BB4C-9CEB03071D18}.Debug|Any CPU.Build.0 = Debug|Any CPU
		{0DE478E0-990D-4596-BB4C-9CEB03071D18}.Release|Any CPU.ActiveCfg = Release|Any CPU
		{0DE478E0-990D-4596-BB4C-9CEB03071D18}.Release|Any CPU.Build.0 = Release|Any CPU
	EndGlobalSection
	GlobalSection(NestedProjects) = preSolution
		{CC9F6143-E1BB-490F-8936-A16A238E2138} = {E203E59D-7950-4F8F-8E28-79DEB112EA37}
		{92261BF7-045E-4D74-B9D1-E9F9D3E0599E} = {CC9F6143-E1BB-490F-8936-A16A238E2138}
		{2CE7EE1D-4DD8-4928-AD79-7CBB1B7CC120} = {CC9F6143-E1BB-490F-8936-A16A238E2138}
		{42B1F054-6E37-467E-B06A-0DAC5D0E1BCC} = {D4954F50-C259-484F-865E-E66B0B8EA7D7}
		{AC158FAB-08A6-4658-8E2D-655BF857F57C} = {4EC5FAF7-5BD7-4E0C-87BC-4A72E2FC85FA}
		{3B168570-E5E8-47FF-A9EB-266A5BDA9F13} = {065FC1F3-732C-45DD-957F-252D39040124}
		{73FA8359-09B8-4F4A-B17B-982B189C8B1C} = {3C865EA6-E7D9-4BDC-8E96-F1117BBDF21B}
		{79F20FAB-1130-4310-98BF-87E63565C39B} = {0D49196C-34B7-48FC-9788-9D124EDB9693}
		{519B5F00-F497-4A71-82F1-D639D20EAAAF} = {D4954F50-C259-484F-865E-E66B0B8EA7D7}
		{803E952C-7BAB-4519-9517-A5396C8E5D2C} = {8D4C30E3-2AC6-4218-9DEA-65DC2BD50CAA}
		{A9AC3C39-FC6B-4DD1-8980-A71760BFF78F} = {065FC1F3-732C-45DD-957F-252D39040124}
		{E4CB8B81-0D04-4348-B0B3-E5A621246137} = {3C865EA6-E7D9-4BDC-8E96-F1117BBDF21B}
		{0518F8A4-71D5-4D7C-8E43-3886AF8CB0B6} = {23B7FEF7-FE28-4D85-AD37-7295986FE931}
		{517E3320-0DD0-4A09-9A43-BEDD928F396D} = {F24F86EA-6E74-423C-B5F0-04DB688BD87A}
		{0BA75F4E-9AB0-4CFD-A2B5-B9ADBFAF7743} = {36E920E2-EA99-42F3-81D7-E778426E3B28}
		{997B99B2-A921-46C9-B820-98FE0A37B7DE} = {0D49196C-34B7-48FC-9788-9D124EDB9693}
		{FF2B143D-311C-49D9-B98D-42612D792FE8} = {4EC5FAF7-5BD7-4E0C-87BC-4A72E2FC85FA}
		{F19A00AD-E0CF-4F7C-90E8-C04B5C851C9D} = {60892870-14AC-43D4-BE2C-3D5A1FEA81A9}
		{CB568CA2-5007-4748-AA33-09B13E0EC5AF} = {D414425D-1B94-4FC6-BA64-0744FD14AFBB}
		{506994FE-C479-447C-8D0C-2D7F6B1718BC} = {E203E59D-7950-4F8F-8E28-79DEB112EA37}
		{B7F05FCB-063C-45AD-8CCB-E7E6779A0946} = {6DD73440-46CC-4770-859F-20A6E5E7E8DD}
		{648FE377-3525-4C93-894D-4698A3987703} = {6DD73440-46CC-4770-859F-20A6E5E7E8DD}
		{27C58638-3A95-47CE-9665-7E5643573100} = {5007E460-DD05-4210-939D-312BD7E6CC50}
		{4F4B5B65-D7D9-48A6-A440-0221A40BA8B4} = {5007E460-DD05-4210-939D-312BD7E6CC50}
		{B8EB4002-BF50-47DB-BEB3-41F78694BA67} = {9D119F3F-5344-4C2F-B36C-7487B52CE558}
		{AB74D373-E09B-485F-AE26-6C6DBF305A81} = {0EBFA047-2232-4CEC-B528-0051179D5FDB}
		{B6C105F8-FD72-43A5-90A7-AF50F736858C} = {D6FAAB8B-EA41-4A1C-AC53-87BA537FA33B}
		{CBF6DD63-6D94-48B7-94EA-036344367005} = {D6FAAB8B-EA41-4A1C-AC53-87BA537FA33B}
		{76EBDBA4-9288-4680-8AE3-C99D5D6BB76B} = {136EE236-D9E5-4221-AFCB-1EB90AB70618}
		{C92BD03B-89E0-4028-A636-013BD6347C34} = {136EE236-D9E5-4221-AFCB-1EB90AB70618}
		{C408B269-817B-4739-AD7B-2344EDDCB3AB} = {D4954F50-C259-484F-865E-E66B0B8EA7D7}
		{7F6671C9-0A00-487B-BFCF-3715571DF8F3} = {E203E59D-7950-4F8F-8E28-79DEB112EA37}
		{50B0A6DB-4FB4-49B0-86CA-FEFF80A3474F} = {7F6671C9-0A00-487B-BFCF-3715571DF8F3}
		{AEFCBA6E-E7C1-4637-ABAD-6D8319FFE352} = {7F6671C9-0A00-487B-BFCF-3715571DF8F3}
		{63B683DD-07F3-4A1F-99D9-DABB6E6ABBF3} = {E203E59D-7950-4F8F-8E28-79DEB112EA37}
		{9ED52288-3E3C-4999-B2BE-217B683D801F} = {63B683DD-07F3-4A1F-99D9-DABB6E6ABBF3}
		{F9827455-744C-4B38-9911-98D9FA586B04} = {63B683DD-07F3-4A1F-99D9-DABB6E6ABBF3}
		{B8BFA44D-8932-4254-BD50-7F18CA809631} = {E203E59D-7950-4F8F-8E28-79DEB112EA37}
		{90FE74F4-0C17-4601-9CAF-80E7F797EAB2} = {B8BFA44D-8932-4254-BD50-7F18CA809631}
		{D407C89F-DCAA-48D3-9F24-F6F447A7E7DC} = {B8BFA44D-8932-4254-BD50-7F18CA809631}
		{8E4B5C52-4FB4-4279-BFE7-CCD4F961EE2E} = {0E0F12B7-04FC-4F02-8A8E-9210804A0EAA}
		{A68D6913-564F-4046-B4A2-816556F12010} = {0E0F12B7-04FC-4F02-8A8E-9210804A0EAA}
		{5580F1FF-BADF-4773-B0EF-783B3336B12C} = {0E0F12B7-04FC-4F02-8A8E-9210804A0EAA}
		{ABA23913-C488-49A6-AC4D-62BFA92B81A7} = {0E0F12B7-04FC-4F02-8A8E-9210804A0EAA}
		{99E5688B-ACE3-4DCA-BA67-645201B06CED} = {0E0F12B7-04FC-4F02-8A8E-9210804A0EAA}
		{6EC2B0A5-B06D-47B9-92FC-F47C1EFA5C08} = {23B7FEF7-FE28-4D85-AD37-7295986FE931}
		{6DC550B5-4E09-4064-B6D5-ADDB30A72408} = {B8E8C313-2FB1-4EA0-8C4E-43CF4E744A53}
		{3257E452-5422-45C2-851E-8E82CA599E2F} = {CEC73D09-07C6-473B-8F7E-012C571789C9}
		{28B69F2A-6029-48F0-9364-4ECB08F70055} = {722B8A69-BDA1-4806-B61F-B9740725A2D6}
		{910DF77A-12BB-42D8-A6D3-2F1616CCF335} = {CEC73D09-07C6-473B-8F7E-012C571789C9}
		{76B93603-2413-4821-AA87-161315353F8B} = {F24F86EA-6E74-423C-B5F0-04DB688BD87A}
		{B0B12854-BBAC-4E47-A163-4F9352BAB8BE} = {798352C1-B84D-4956-89BE-ED18291D28C2}
		{36EC74F3-3855-44A8-ACA0-4E7AD2F7E81C} = {798352C1-B84D-4956-89BE-ED18291D28C2}
		{F9D6FD71-824B-4827-8D25-128B16D1FE84} = {089F1E6D-53FD-4FB0-8008-76BEBCD040D7}
		{A108ADCA-9281-45DB-A3F3-232EDFF104C9} = {85716BFA-8FEC-4E71-8C85-32728610351C}
		{38FDB487-CBFB-4C74-8E80-86F4B942D1B5} = {85716BFA-8FEC-4E71-8C85-32728610351C}
		{77FFE53F-940A-4165-B285-E8F627E8E15A} = {0EBFA047-2232-4CEC-B528-0051179D5FDB}
		{6DF474F1-88D8-49EC-B939-75645EBF2CB4} = {399658D1-572C-4753-A912-7202790A256B}
		{1C0C0F3D-B449-4010-92F7-B4F9F71A2C4B} = {065FC1F3-732C-45DD-957F-252D39040124}
		{100E9384-CE62-446A-9ACC-27F533EB4D76} = {065FC1F3-732C-45DD-957F-252D39040124}
		{BEB8B93E-E57C-48F9-94BC-0E2CC0BEFE12} = {757F10E3-F4E2-48D8-97CE-5AB2E7461F6F}
		{1839D64B-C1E1-48AE-943D-F42234EEB75C} = {757F10E3-F4E2-48D8-97CE-5AB2E7461F6F}
		{8A63CE8C-8A49-4BA6-BA4F-C73873DC1843} = {757F10E3-F4E2-48D8-97CE-5AB2E7461F6F}
		{4A0399A0-33B1-4E43-9E52-9D82C04A7C31} = {23B7FEF7-FE28-4D85-AD37-7295986FE931}
		{C2381747-6305-4DC2-B777-54A5D4B148F0} = {0E0F12B7-04FC-4F02-8A8E-9210804A0EAA}
		{8477E2E4-AE25-4325-A21A-098FED377C68} = {831339FB-A4F0-49C5-B528-AB0A07EF2E3C}
		{3B94AD43-9372-48B0-8608-8B9B501C1579} = {0E0F12B7-04FC-4F02-8A8E-9210804A0EAA}
		{DF33190B-6D5B-4D00-A254-E13BA250878E} = {23B7FEF7-FE28-4D85-AD37-7295986FE931}
		{898E01B2-CF43-4EFD-B33C-4D8278AC8B4E} = {C93D0FD2-0E42-43AD-96A4-53621B99D1B6}
		{40DD77FE-1F9A-43D2-B210-9DBF36974DD2} = {C93D0FD2-0E42-43AD-96A4-53621B99D1B6}
		{4D9F9D03-1C0B-45D0-A57C-240EB4533958} = {3C865EA6-E7D9-4BDC-8E96-F1117BBDF21B}
		{EC28C971-67F1-4129-8153-BAD8541AE270} = {4A7E0750-1C49-41F4-B846-071626DE4581}
		{4D1694D8-AB0B-4911-A341-F051E41DDE2F} = {4A7E0750-1C49-41F4-B846-071626DE4581}
		{C52E624B-678F-46D5-8AAF-BCAD770CE1BE} = {9D94C90F-B1CD-4DE5-AFE4-E553DEDE86B5}
		{AB6CBD41-5829-4A77-A7B5-291B5EA68A92} = {FCAA47D1-B1F0-4386-A1C7-36BD6AF08DF4}
		{350F17A9-2016-426B-80E5-8A4243BCA1F0} = {FCAA47D1-B1F0-4386-A1C7-36BD6AF08DF4}
		{6BF1E875-228F-4C4C-8E0A-71D07B4D954C} = {3C865EA6-E7D9-4BDC-8E96-F1117BBDF21B}
		{8752BF07-73A5-41D3-AF91-CC1DEEA2F11B} = {D08FAFA0-136A-4096-B2E6-834E605E6388}
		{722D4A01-C40D-44CA-AA3D-0E4FF37B972C} = {D08FAFA0-136A-4096-B2E6-834E605E6388}
		{889D9E79-C29C-4727-A860-F10C65DD65CD} = {CC9F6143-E1BB-490F-8936-A16A238E2138}
		{176BA512-D01A-4048-9388-9C52BDDB5571} = {63B683DD-07F3-4A1F-99D9-DABB6E6ABBF3}
	EndGlobalSection
EndGlobal
